{
  "lockfileVersion": 1,
  "configVersion": 1,
  "workspaces": {
    "": {
      "name": "spacetimeclaude",
      "dependencies": {
        "spacetimedb": "^2.0.2",
      },
      "devDependencies": {
        "typescript": "~5.6.2",
      },
    },
  },
  "packages": {
    "base64-js": ["base64-js@1.5.1", "", {}, "sha512-AKpaYlHn8t4SVbOHCy+b5+KKgvR4vrsD8vbvrbiQJps7fKDTkjkDry6ji0rUJjC0kzbNePLwzxq8iypo41qeWA=="],

    "headers-polyfill": ["headers-polyfill@4.0.3", "", {}, "sha512-IScLbePpkvO846sIwOtOTDjutRMWdXdJmXdMvk6gCBHxFO8d+QKOQedyZSxFTTFYRSmlgSTDtXqqq4pcenBXLQ=="],

    "object-inspect": ["object-inspect@1.13.4", "", {}, "sha512-W67iLl4J2EXEGTbfeHCffrjDfitvLANg0UlX3wFUUSTx92KXRFegMHUVgSqE+wvhAbi4WqjGg9czysTV2Epbew=="],

    "prettier": ["prettier@3.6.2", "", { "bin": { "prettier": "bin/prettier.cjs" } }, "sha512-I7AIg5boAr5R0FFtJ6rCfD+LFsWHp81dolrFD8S79U9tb8Az2nGrJncnMSnys+bpQJfRUzqs9hnA81OAA3hCuQ=="],

    "pure-rand": ["pure-rand@7.0.1", "", {}, "sha512-oTUZM/NAZS8p7ANR3SHh30kXB+zK2r2BPcEn/awJIbOvq82WoMN4p62AWWp3Hhw50G0xMsw1mhIBLqHw64EcNQ=="],

    "safe-stable-stringify": ["safe-stable-stringify@2.5.0", "", {}, "sha512-b3rppTKm9T+PsVCBEOUR46GWI7fdOs00VKZ1+9c1EWDaDMvjQc6tUwuFyIprgGgTcWoVHSKrU8H31ZHA2e0RHA=="],

    "spacetimedb": ["spacetimedb@2.0.2", "", { "dependencies": { "base64-js": "^1.5.1", "headers-polyfill": "^4.0.3", "object-inspect": "^1.13.4", "prettier": "^3.3.3", "pure-rand": "^7.0.1", "safe-stable-stringify": "^2.5.0", "statuses": "^2.0.2", "url-polyfill": "^1.1.14" }, "peerDependencies": { "@angular/core": ">=17.0.0", "@tanstack/react-query": "^5.0.0", "react": "^18.0.0 || ^19.0.0-0 || ^19.0.0", "svelte": "^4.0.0 || ^5.0.0", "undici": "^6.19.2", "vue": "^3.3.0" }, "optionalPeers": ["@angular/core", "@tanstack/react-query", "react", "svelte", "undici", "vue"] }, "sha512-AdCQ0jG9WBe5amJA/MgQkVm+AUTq9DEpkYVtbwTge8MDxpf5bNXGdX66f4AdYgb7RdfFqPWlZHDuz2VkO3F1ng=="],

    "statuses": ["statuses@2.0.2", "", {}, "sha512-DvEy55V3DB7uknRo+4iOGT5fP1slR8wQohVdknigZPMpMstaKJQWhwiYBACJE3Ul2pTnATihhBYnRhZQHGBiRw=="],

    "typescript": ["typescript@5.6.3", "", { "bin": { "tsc": "bin/tsc", "tsserver": "bin/tsserver" } }, "sha512-hjcS1mhfuyi4WW8IWtjP7brDrG2cuDZukyrYrSauoXGNgx0S7zceP07adYkJycEr56BOUTNPzbInooiN3fn1qw=="],

    "url-polyfill": ["url-polyfill@1.1.14", "", {}, "sha512-p4f3TTAG6ADVF3mwbXw7hGw+QJyw5CnNGvYh5fCuQQZIiuKUswqcznyV3pGDP9j0TSmC4UvRKm8kl1QsX1diiQ=="],
  }
}
